
Microsoft Visual Studio Solution File, Format Version 12.00
# Visual Studio Version 17
VisualStudioVersion = 17.4.33110.190
MinimumVisualStudioVersion = 10.0.40219.1
Project("{FAE04EC0-301F-11D3-BF4B-00C04F79EFBC}") = "CS_Assessment0.1", "CS_Assessment0.1\CS_Assessment0.1.csproj", "{77E6F15A-25A5-48DA-B84A-BCDA06D3390B}"
EndProject
Global
	GlobalSection(SolutionConfigurationPlatforms) = preSolution
		Debug|Any CPU = Debug|Any CPU
		Release|Any CPU = Release|Any CPU
	EndGlobalSection
	GlobalSection(ProjectConfigurationPlatforms) = postSolution
		{77E6F15A-25A5-48DA-B84A-BCDA06D3390B}.Debug|Any CPU.ActiveCfg = Debug|Any CPU
		{77E6F15A-25A5-48DA-B84A-BCDA06D3390B}.Debug|Any CPU.Build.0 = Debug|Any CPU
		{77E6F15A-25A5-48DA-B84A-BCDA06D3390B}.Release|Any CPU.ActiveCfg = Release|Any CPU
		{77E6F15A-25A5-48DA-B84A-BCDA06D3390B}.Release|Any CPU.Build.0 = Release|Any CPU
	EndGlobalSection
	GlobalSection(SolutionProperties) = preSolution
		HideSolutionNode = FALSE
	EndGlobalSection
	GlobalSection(ExtensibilityGlobals) = postSolution
		SolutionGuid = {0C7D41E3-6F19-48A5-A03A-D95116889AFD}
	EndGlobalSection
EndGlobal
